
Microsoft Visual Studio Solution File, Format Version 12.00
# Visual Studio 15
Project("{FAE04EC0-301F-11D3-BF4B-00C04F79EFBC}") = "Assembly-CSharp", "Assembly-CSharp.csproj", "{45590298-D0EF-651A-54C9-914875E84C96}"
EndProject
Project("{FAE04EC0-301F-11D3-BF4B-00C04F79EFBC}") = "spine-unity-examples", "spine-unity-examples.csproj", "{46302838-110C-1F38-EC1D-9E173C26B067}"
EndProject
Project("{FAE04EC0-301F-11D3-BF4B-00C04F79EFBC}") = "spine-unity", "spine-unity.csproj", "{C59308AC-6CA4-CFAE-34CB-DEA0904D853D}"
EndProject
Project("{FAE04EC0-301F-11D3-BF4B-00C04F79EFBC}") = "GoogleMobileAds.Editor", "GoogleMobileAds.Editor.csproj", "{16EC7E0C-F842-2538-50CD-BE851B3BEEC7}"
EndProject
Project("{FAE04EC0-301F-11D3-BF4B-00C04F79EFBC}") = "Assembly-CSharp-Editor", "Assembly-CSharp-Editor.csproj", "{CB94364B-D630-7FDE-5E64-3C11EB0A6E9B}"
EndProject
Project("{FAE04EC0-301F-11D3-BF4B-00C04F79EFBC}") = "spine-unity-editor", "spine-unity-editor.csproj", "{198A59DE-9518-F65F-18AA-BE5D6EB592B3}"
EndProject
Project("{FAE04EC0-301F-11D3-BF4B-00C04F79EFBC}") = "spine-unity-examples-editor", "spine-unity-examples-editor.csproj", "{1094F3F5-216F-DE83-D383-BE219CF48188}"
EndProject
Global
	GlobalSection(SolutionConfigurationPlatforms) = preSolution
		Debug|Any CPU = Debug|Any CPU
		Release|Any CPU = Release|Any CPU
	EndGlobalSection
	GlobalSection(ProjectConfigurationPlatforms) = postSolution
		{45590298-D0EF-651A-54C9-914875E84C96}.Debug|Any CPU.ActiveCfg = Debug|Any CPU
		{45590298-D0EF-651A-54C9-914875E84C96}.Debug|Any CPU.Build.0 = Debug|Any CPU
		{45590298-D0EF-651A-54C9-914875E84C96}.Release|Any CPU.ActiveCfg = Release|Any CPU
		{45590298-D0EF-651A-54C9-914875E84C96}.Release|Any CPU.Build.0 = Release|Any CPU
		{46302838-110C-1F38-EC1D-9E173C26B067}.Debug|Any CPU.ActiveCfg = Debug|Any CPU
		{46302838-110C-1F38-EC1D-9E173C26B067}.Debug|Any CPU.Build.0 = Debug|Any CPU
		{46302838-110C-1F38-EC1D-9E173C26B067}.Release|Any CPU.ActiveCfg = Release|Any CPU
		{46302838-110C-1F38-EC1D-9E173C26B067}.Release|Any CPU.Build.0 = Release|Any CPU
		{C59308AC-6CA4-CFAE-34CB-DEA0904D853D}.Debug|Any CPU.ActiveCfg = Debug|Any CPU
		{C59308AC-6CA4-CFAE-34CB-DEA0904D853D}.Debug|Any CPU.Build.0 = Debug|Any CPU
		{C59308AC-6CA4-CFAE-34CB-DEA0904D853D}.Release|Any CPU.ActiveCfg = Release|Any CPU
		{C59308AC-6CA4-CFAE-34CB-DEA0904D853D}.Release|Any CPU.Build.0 = Release|Any CPU
		{16EC7E0C-F842-2538-50CD-BE851B3BEEC7}.Debug|Any CPU.ActiveCfg = Debug|Any CPU
		{16EC7E0C-F842-2538-50CD-BE851B3BEEC7}.Debug|Any CPU.Build.0 = Debug|Any CPU
		{16EC7E0C-F842-2538-50CD-BE851B3BEEC7}.Release|Any CPU.ActiveCfg = Release|Any CPU
		{16EC7E0C-F842-2538-50CD-BE851B3BEEC7}.Release|Any CPU.Build.0 = Release|Any CPU
		{CB94364B-D630-7FDE-5E64-3C11EB0A6E9B}.Debug|Any CPU.ActiveCfg = Debug|Any CPU
		{CB94364B-D630-7FDE-5E64-3C11EB0A6E9B}.Debug|Any CPU.Build.0 = Debug|Any CPU
		{CB94364B-D630-7FDE-5E64-3C11EB0A6E9B}.Release|Any CPU.ActiveCfg = Release|Any CPU
		{CB94364B-D630-7FDE-5E64-3C11EB0A6E9B}.Release|Any CPU.Build.0 = Release|Any CPU
		{198A59DE-9518-F65F-18AA-BE5D6EB592B3}.Debug|Any CPU.ActiveCfg = Debug|Any CPU
		{198A59DE-9518-F65F-18AA-BE5D6EB592B3}.Debug|Any CPU.Build.0 = Debug|Any CPU
		{198A59DE-9518-F65F-18AA-BE5D6EB592B3}.Release|Any CPU.ActiveCfg = Release|Any CPU
		{198A59DE-9518-F65F-18AA-BE5D6EB592B3}.Release|Any CPU.Build.0 = Release|Any CPU
		{1094F3F5-216F-DE83-D383-BE219CF48188}.Debug|Any CPU.ActiveCfg = Debug|Any CPU
		{1094F3F5-216F-DE83-D383-BE219CF48188}.Debug|Any CPU.Build.0 = Debug|Any CPU
		{1094F3F5-216F-DE83-D383-BE219CF48188}.Release|Any CPU.ActiveCfg = Release|Any CPU
		{1094F3F5-216F-DE83-D383-BE219CF48188}.Release|Any CPU.Build.0 = Release|Any CPU
	EndGlobalSection
	GlobalSection(SolutionProperties) = preSolution
		HideSolutionNode = FALSE
	EndGlobalSection
EndGlobal
